PODS:
  - CharacterLocationSeeker (0.0.3)
  - Masonry (1.1.0)
  - MBProgressHUD (1.0.0)
  - MJExtension (3.0.13)
  - YBAttributeTextTapAction (2.0.6)

DEPENDENCIES:
  - CharacterLocationSeeker
  - Masonry
  - MBProgressHUD
  - MJExtension
  - YBAttributeTextTapAction

SPEC REPOS:
  https://github.com/cocoapods/specs.git:
    - CharacterLocationSeeker
    - Masonry
    - MBProgressHUD
    - MJExtension
    - YBAttributeTextTapAction

SPEC CHECKSUMS:
  CharacterLocationSeeker: fbce5cb6746c2205a003874c5647ee801b088dbf
  Masonry: 678fab65091a9290e40e2832a55e7ab731aad201
  MBProgressHUD: 4890f671c94e8a0f3cf959aa731e9de2f036d71a
  MJExtension: 5932755f451458eefa24239358817f8d291240c7
  YBAttributeTextTapAction: 650ff36251479f8cfc7b5dd8fb62587c538ce502

PODFILE CHECKSUM: e4ea1ef1ac688df17f864a4133e22a54e80d5f0c

COCOAPODS: 1.6.1
